// !$*UTF8*$!
{
	archiveVersion = 1;
	classes = {
	};
	objectVersion = 46;
	objects = {

/* Begin PBXBuildFile section */
		DB8AAC401A5086B4001768CA /* object.m.txt in Resources */ = {isa = PBXBuildFile; fileRef = DB8AAC3E1A508684001768CA /* object.m.txt */; };
		DB8AAC411A5086B6001768CA /* object.h.txt in Resources */ = {isa = PBXBuildFile; fileRef = DB8AAC3D1A50867E001768CA /* object.h.txt */; };
		DB8AAC421A508935001768CA /* object.swift.txt in Resources */ = {isa = PBXBuildFile; fileRef = DB8AAC3B1A508676001768CA /* object.swift.txt */; };
		DB8AAC451A509A07001768CA /* PreferencesView.swift in Sources */ = {isa = PBXBuildFile; fileRef = DB8AAC431A509A07001768CA /* PreferencesView.swift */; };
		DB8AAC461A509A07001768CA /* PreferencesView.xib in Resources */ = {isa = PBXBuildFile; fileRef = DB8AAC441A509A07001768CA /* PreferencesView.xib */; };
		DBFDCE5B1A504DDD005EAD70 /* AppDelegate.swift in Sources */ = {isa = PBXBuildFile; fileRef = DBFDCE5A1A504DDD005EAD70 /* AppDelegate.swift */; };
		DBFDCE5D1A504DDD005EAD70 /* Images.xcassets in Resources */ = {isa = PBXBuildFile; fileRef = DBFDCE5C1A504DDD005EAD70 /* Images.xcassets */; };
		DBFDCE601A504DDD005EAD70 /* MainMenu.xib in Resources */ = {isa = PBXBuildFile; fileRef = DBFDCE5E1A504DDD005EAD70 /* MainMenu.xib */; };
		DBFDCE6C1A504DDD005EAD70 /* JSONtoFoundationTests.swift in Sources */ = {isa = PBXBuildFile; fileRef = DBFDCE6B1A504DDD005EAD70 /* JSONtoFoundationTests.swift */; };
		DBFDCE761A504DF3005EAD70 /* UnderscoreReplacement.swift in Sources */ = {isa = PBXBuildFile; fileRef = DBFDCE751A504DF3005EAD70 /* UnderscoreReplacement.swift */; };
		DBFDCE771A504E0D005EAD70 /* UnderscoreReplacement.swift in Sources */ = {isa = PBXBuildFile; fileRef = DBFDCE751A504DF3005EAD70 /* UnderscoreReplacement.swift */; };
		DBFDCE791A5052E6005EAD70 /* JSONConverter.swift in Sources */ = {isa = PBXBuildFile; fileRef = DBFDCE781A5052E6005EAD70 /* JSONConverter.swift */; };
		DBFDCE7A1A505494005EAD70 /* JSONConverter.swift in Sources */ = {isa = PBXBuildFile; fileRef = DBFDCE781A5052E6005EAD70 /* JSONConverter.swift */; };
/* End PBXBuildFile section */

/* Begin PBXContainerItemProxy section */
		DBFDCE661A504DDD005EAD70 /* PBXContainerItemProxy */ = {
			isa = PBXContainerItemProxy;
			containerPortal = DBFDCE4D1A504DDD005EAD70 /* Project object */;
			proxyType = 1;
			remoteGlobalIDString = DBFDCE541A504DDD005EAD70;
			remoteInfo = JSONtoFoundation;
		};
/* End PBXContainerItemProxy section */

/* Begin PBXFileReference section */
		DB8AAC391A508610001768CA /* JSONtoFoundation.entitlements */ = {isa = PBXFileReference; lastKnownFileType = text.xml; path = JSONtoFoundation.entitlements; sourceTree = "<group>"; };
		DB8AAC3B1A508676001768CA /* object.swift.txt */ = {isa = PBXFileReference; fileEncoding = 4; lastKnownFileType = text; path = object.swift.txt; sourceTree = "<group>"; };
		DB8AAC3D1A50867E001768CA /* object.h.txt */ = {isa = PBXFileReference; fileEncoding = 4; lastKnownFileType = text; path = object.h.txt; sourceTree = "<group>"; };
		DB8AAC3E1A508684001768CA /* object.m.txt */ = {isa = PBXFileReference; fileEncoding = 4; lastKnownFileType = text; path = object.m.txt; sourceTree = "<group>"; };
		DB8AAC431A509A07001768CA /* PreferencesView.swift */ = {isa = PBXFileReference; fileEncoding = 4; lastKnownFileType = sourcecode.swift; path = PreferencesView.swift; sourceTree = "<group>"; };
		DB8AAC441A509A07001768CA /* PreferencesView.xib */ = {isa = PBXFileReference; fileEncoding = 4; lastKnownFileType = file.xib; path = PreferencesView.xib; sourceTree = "<group>"; };
		DBFDCE551A504DDD005EAD70 /* JSONtoFoundation.app */ = {isa = PBXFileReference; explicitFileType = wrapper.application; includeInIndex = 0; path = JSONtoFoundation.app; sourceTree = BUILT_PRODUCTS_DIR; };
		DBFDCE591A504DDD005EAD70 /* Info.plist */ = {isa = PBXFileReference; lastKnownFileType = text.plist.xml; path = Info.plist; sourceTree = "<group>"; };
		DBFDCE5A1A504DDD005EAD70 /* AppDelegate.swift */ = {isa = PBXFileReference; lastKnownFileType = sourcecode.swift; path = AppDelegate.swift; sourceTree = "<group>"; };
		DBFDCE5C1A504DDD005EAD70 /* Images.xcassets */ = {isa = PBXFileReference; lastKnownFileType = folder.assetcatalog; path = Images.xcassets; sourceTree = "<group>"; };
		DBFDCE5F1A504DDD005EAD70 /* Base */ = {isa = PBXFileReference; lastKnownFileType = file.xib; name = Base; path = Base.lproj/MainMenu.xib; sourceTree = "<group>"; };
		DBFDCE651A504DDD005EAD70 /* JSONtoFoundationTests.xctest */ = {isa = PBXFileReference; explicitFileType = wrapper.cfbundle; includeInIndex = 0; path = JSONtoFoundationTests.xctest; sourceTree = BUILT_PRODUCTS_DIR; };
		DBFDCE6A1A504DDD005EAD70 /* Info.plist */ = {isa = PBXFileReference; lastKnownFileType = text.plist.xml; path = Info.plist; sourceTree = "<group>"; };
		DBFDCE6B1A504DDD005EAD70 /* JSONtoFoundationTests.swift */ = {isa = PBXFileReference; lastKnownFileType = sourcecode.swift; path = JSONtoFoundationTests.swift; sourceTree = "<group>"; };
		DBFDCE751A504DF3005EAD70 /* UnderscoreReplacement.swift */ = {isa = PBXFileReference; fileEncoding = 4; lastKnownFileType = sourcecode.swift; path = UnderscoreReplacement.swift; sourceTree = "<group>"; };
		DBFDCE781A5052E6005EAD70 /* JSONConverter.swift */ = {isa = PBXFileReference; fileEncoding = 4; lastKnownFileType = sourcecode.swift; path = JSONConverter.swift; sourceTree = "<group>"; };
/* End PBXFileReference section */

/* Begin PBXFrameworksBuildPhase section */
		DBFDCE521A504DDD005EAD70 /* Frameworks */ = {
			isa = PBXFrameworksBuildPhase;
			buildActionMask = 2147483647;
			files = (
			);
			runOnlyForDeploymentPostprocessing = 0;
		};
		DBFDCE621A504DDD005EAD70 /* Frameworks */ = {
			isa = PBXFrameworksBuildPhase;
			buildActionMask = 2147483647;
			files = (
			);
			runOnlyForDeploymentPostprocessing = 0;
		};
/* End PBXFrameworksBuildPhase section */

/* Begin PBXGroup section */
		DB8AAC3A1A508653001768CA /* Templates */ = {
			isa = PBXGroup;
			children = (
				DB8AAC3B1A508676001768CA /* object.swift.txt */,
				DB8AAC3D1A50867E001768CA /* object.h.txt */,
				DB8AAC3E1A508684001768CA /* object.m.txt */,
			);
			name = Templates;
			sourceTree = "<group>";
		};
		DB8AAC471A509A7F001768CA /* Classes */ = {
			isa = PBXGroup;
			children = (
				DBFDCE751A504DF3005EAD70 /* UnderscoreReplacement.swift */,
				DBFDCE781A5052E6005EAD70 /* JSONConverter.swift */,
			);
			name = Classes;
			sourceTree = "<group>";
		};
		DBFDCE4C1A504DDD005EAD70 = {
			isa = PBXGroup;
			children = (
				DBFDCE571A504DDD005EAD70 /* JSONtoFoundation */,
				DBFDCE681A504DDD005EAD70 /* JSONtoFoundationTests */,
				DBFDCE561A504DDD005EAD70 /* Products */,
			);
			sourceTree = "<group>";
		};
		DBFDCE561A504DDD005EAD70 /* Products */ = {
			isa = PBXGroup;
			children = (
				DBFDCE551A504DDD005EAD70 /* JSONtoFoundation.app */,
				DBFDCE651A504DDD005EAD70 /* JSONtoFoundationTests.xctest */,
			);
			name = Products;
			sourceTree = "<group>";
		};
		DBFDCE571A504DDD005EAD70 /* JSONtoFoundation */ = {
			isa = PBXGroup;
			children = (
				DB8AAC391A508610001768CA /* JSONtoFoundation.entitlements */,
				DBFDCE5A1A504DDD005EAD70 /* AppDelegate.swift */,
				DB8AAC431A509A07001768CA /* PreferencesView.swift */,
				DB8AAC441A509A07001768CA /* PreferencesView.xib */,
				DB8AAC471A509A7F001768CA /* Classes */,
				DBFDCE5C1A504DDD005EAD70 /* Images.xcassets */,
				DBFDCE5E1A504DDD005EAD70 /* MainMenu.xib */,
				DB8AAC3A1A508653001768CA /* Templates */,
				DBFDCE581A504DDD005EAD70 /* Supporting Files */,
			);
			path = JSONtoFoundation;
			sourceTree = "<group>";
		};
		DBFDCE581A504DDD005EAD70 /* Supporting Files */ = {
			isa = PBXGroup;
			children = (
				DBFDCE591A504DDD005EAD70 /* Info.plist */,
			);
			name = "Supporting Files";
			sourceTree = "<group>";
		};
		DBFDCE681A504DDD005EAD70 /* JSONtoFoundationTests */ = {
			isa = PBXGroup;
			children = (
				DBFDCE6B1A504DDD005EAD70 /* JSONtoFoundationTests.swift */,
				DBFDCE691A504DDD005EAD70 /* Supporting Files */,
			);
			path = JSONtoFoundationTests;
			sourceTree = "<group>";
		};
		DBFDCE691A504DDD005EAD70 /* Supporting Files */ = {
			isa = PBXGroup;
			children = (
				DBFDCE6A1A504DDD005EAD70 /* Info.plist */,
			);
			name = "Supporting Files";
			sourceTree = "<group>";
		};
/* End PBXGroup section */

/* Begin PBXNativeTarget section */
		DBFDCE541A504DDD005EAD70 /* JSONtoFoundation */ = {
			isa = PBXNativeTarget;
			buildConfigurationList = DBFDCE6F1A504DDD005EAD70 /* Build configuration list for PBXNativeTarget "JSONtoFoundation" */;
			buildPhases = (
				DBFDCE511A504DDD005EAD70 /* Sources */,
				DBFDCE521A504DDD005EAD70 /* Frameworks */,
				DBFDCE531A504DDD005EAD70 /* Resources */,
			);
			buildRules = (
			);
			dependencies = (
			);
			name = JSONtoFoundation;
			productName = JSONtoFoundation;
			productReference = DBFDCE551A504DDD005EAD70 /* JSONtoFoundation.app */;
			productType = "com.apple.product-type.application";
		};
		DBFDCE641A504DDD005EAD70 /* JSONtoFoundationTests */ = {
			isa = PBXNativeTarget;
			buildConfigurationList = DBFDCE721A504DDD005EAD70 /* Build configuration list for PBXNativeTarget "JSONtoFoundationTests" */;
			buildPhases = (
				DBFDCE611A504DDD005EAD70 /* Sources */,
				DBFDCE621A504DDD005EAD70 /* Frameworks */,
				DBFDCE631A504DDD005EAD70 /* Resources */,
			);
			buildRules = (
			);
			dependencies = (
				DBFDCE671A504DDD005EAD70 /* PBXTargetDependency */,
			);
			name = JSONtoFoundationTests;
			productName = JSONtoFoundationTests;
			productReference = DBFDCE651A504DDD005EAD70 /* JSONtoFoundationTests.xctest */;
			productType = "com.apple.product-type.bundle.unit-test";
		};
/* End PBXNativeTarget section */

/* Begin PBXProject section */
		DBFDCE4D1A504DDD005EAD70 /* Project object */ = {
			isa = PBXProject;
			attributes = {
				LastUpgradeCheck = 0610;
				ORGANIZATIONNAME = "Frank Michael Sanchez";
				TargetAttributes = {
					DBFDCE541A504DDD005EAD70 = {
						CreatedOnToolsVersion = 6.1.1;
						SystemCapabilities = {
							com.apple.Sandbox = {
								enabled = 1;
							};
						};
					};
					DBFDCE641A504DDD005EAD70 = {
						CreatedOnToolsVersion = 6.1.1;
						TestTargetID = DBFDCE541A504DDD005EAD70;
					};
				};
			};
			buildConfigurationList = DBFDCE501A504DDD005EAD70 /* Build configuration list for PBXProject "JSONtoFoundation" */;
			compatibilityVersion = "Xcode 3.2";
			developmentRegion = English;
			hasScannedForEncodings = 0;
			knownRegions = (
				en,
				Base,
			);
			mainGroup = DBFDCE4C1A504DDD005EAD70;
			productRefGroup = DBFDCE561A504DDD005EAD70 /* Products */;
			projectDirPath = "";
			projectRoot = "";
			targets = (
				DBFDCE541A504DDD005EAD70 /* JSONtoFoundation */,
				DBFDCE641A504DDD005EAD70 /* JSONtoFoundationTests */,
			);
		};
/* End PBXProject section */

/* Begin PBXResourcesBuildPhase section */
		DBFDCE531A504DDD005EAD70 /* Resources */ = {
			isa = PBXResourcesBuildPhase;
			buildActionMask = 2147483647;
			files = (
				DB8AAC421A508935001768CA /* object.swift.txt in Resources */,
				DBFDCE5D1A504DDD005EAD70 /* Images.xcassets in Resources */,
				DBFDCE601A504DDD005EAD70 /* MainMenu.xib in Resources */,
				DB8AAC401A5086B4001768CA /* object.m.txt in Resources */,
				DB8AAC411A5086B6001768CA /* object.h.txt in Resources */,
				DB8AAC461A509A07001768CA /* PreferencesView.xib in Resources */,
			);
			runOnlyForDeploymentPostprocessing = 0;
		};
		DBFDCE631A504DDD005EAD70 /* Resources */ = {
			isa = PBXResourcesBuildPhase;
			buildActionMask = 2147483647;
			files = (
			);
			runOnlyForDeploymentPostprocessing = 0;
		};
/* End PBXResourcesBuildPhase section */

/* Begin PBXSourcesBuildPhase section */
		DBFDCE511A504DDD005EAD70 /* Sources */ = {
			isa = PBXSourcesBuildPhase;
			buildActionMask = 2147483647;
			files = (
				DBFDCE761A504DF3005EAD70 /* UnderscoreReplacement.swift in Sources */,
				DB8AAC451A509A07001768CA /* PreferencesView.swift in Sources */,
				DBFDCE5B1A504DDD005EAD70 /* AppDelegate.swift in Sources */,
				DBFDCE791A5052E6005EAD70 /* JSONConverter.swift in Sources */,
			);
			runOnlyForDeploymentPostprocessing = 0;
		};
		DBFDCE611A504DDD005EAD70 /* Sources */ = {
			isa = PBXSourcesBuildPhase;
			buildActionMask = 2147483647;
			files = (
				DBFDCE771A504E0D005EAD70 /* UnderscoreReplacement.swift in Sources */,
				DBFDCE6C1A504DDD005EAD70 /* JSONtoFoundationTests.swift in Sources */,
				DBFDCE7A1A505494005EAD70 /* JSONConverter.swift in Sources */,
			);
			runOnlyForDeploymentPostprocessing = 0;
		};
/* End PBXSourcesBuildPhase section */

/* Begin PBXTargetDependency section */
		DBFDCE671A504DDD005EAD70 /* PBXTargetDependency */ = {
			isa = PBXTargetDependency;
			target = DBFDCE541A504DDD005EAD70 /* JSONtoFoundation */;
			targetProxy = DBFDCE661A504DDD005EAD70 /* PBXContainerItemProxy */;
		};
/* End PBXTargetDependency section */

/* Begin PBXVariantGroup section */
		DBFDCE5E1A504DDD005EAD70 /* MainMenu.xib */ = {
			isa = PBXVariantGroup;
			children = (
				DBFDCE5F1A504DDD005EAD70 /* Base */,
			);
			name = MainMenu.xib;
			sourceTree = "<group>";
		};
/* End PBXVariantGroup section */

/* Begin XCBuildConfiguration section */
		DBFDCE6D1A504DDD005EAD70 /* Debug */ = {
			isa = XCBuildConfiguration;
			buildSettings = {
				ALWAYS_SEARCH_USER_PATHS = NO;
				CLANG_CXX_LANGUAGE_STANDARD = "gnu++0x";
				CLANG_CXX_LIBRARY = "libc++";
				CLANG_ENABLE_MODULES = YES;
				CLANG_ENABLE_OBJC_ARC = YES;
				CLANG_WARN_BOOL_CONVERSION = YES;
				CLANG_WARN_CONSTANT_CONVERSION = YES;
				CLANG_WARN_DIRECT_OBJC_ISA_USAGE = YES_ERROR;
				CLANG_WARN_EMPTY_BODY = YES;
				CLANG_WARN_ENUM_CONVERSION = YES;
				CLANG_WARN_INT_CONVERSION = YES;
				CLANG_WARN_OBJC_ROOT_CLASS = YES_ERROR;
				CLANG_WARN_UNREACHABLE_CODE = YES;
				CLANG_WARN__DUPLICATE_METHOD_MATCH = YES;
				CODE_SIGN_IDENTITY = "-";
				COPY_PHASE_STRIP = NO;
				ENABLE_STRICT_OBJC_MSGSEND = YES;
				GCC_C_LANGUAGE_STANDARD = gnu99;
				GCC_DYNAMIC_NO_PIC = NO;
				GCC_OPTIMIZATION_LEVEL = 0;
				GCC_PREPROCESSOR_DEFINITIONS = (
					"DEBUG=1",
					"$(inherited)",
				);
				GCC_SYMBOLS_PRIVATE_EXTERN = NO;
				GCC_WARN_64_TO_32_BIT_CONVERSION = YES;
				GCC_WARN_ABOUT_RETURN_TYPE = YES_ERROR;
				GCC_WARN_UNDECLARED_SELECTOR = YES;
				GCC_WARN_UNINITIALIZED_AUTOS = YES_AGGRESSIVE;
				GCC_WARN_UNUSED_FUNCTION = YES;
				GCC_WARN_UNUSED_VARIABLE = YES;
				MACOSX_DEPLOYMENT_TARGET = 10.10;
				MTL_ENABLE_DEBUG_INFO = YES;
				ONLY_ACTIVE_ARCH = YES;
				SDKROOT = macosx;
				SWIFT_OPTIMIZATION_LEVEL = "-Onone";
			};
			name = Debug;
		};
		DBFDCE6E1A504DDD005EAD70 /* Release */ = {
			isa = XCBuildConfiguration;
			buildSettings = {
				ALWAYS_SEARCH_USER_PATHS = NO;
				CLANG_CXX_LANGUAGE_STANDARD = "gnu++0x";
				CLANG_CXX_LIBRARY = "libc++";
				CLANG_ENABLE_MODULES = YES;
				CLANG_ENABLE_OBJC_ARC = YES;
				CLANG_WARN_BOOL_CONVERSION = YES;
				CLANG_WARN_CONSTANT_CONVERSION = YES;
				CLANG_WARN_DIRECT_OBJC_ISA_USAGE = YES_ERROR;
				CLANG_WARN_EMPTY_BODY = YES;
				CLANG_WARN_ENUM_CONVERSION = YES;
				CLANG_WARN_INT_CONVERSION = YES;
				CLANG_WARN_OBJC_ROOT_CLASS = YES_ERROR;
				CLANG_WARN_UNREACHABLE_CODE = YES;
				CLANG_WARN__DUPLICATE_METHOD_MATCH = YES;
				CODE_SIGN_IDENTITY = "-";
				COPY_PHASE_STRIP = YES;
				DEBUG_INFORMATION_FORMAT = "dwarf-with-dsym";
				ENABLE_NS_ASSERTIONS = NO;
				ENABLE_STRICT_OBJC_MSGSEND = YES;
				GCC_C_LANGUAGE_STANDARD = gnu99;
				GCC_WARN_64_TO_32_BIT_CONVERSION = YES;
				GCC_WARN_ABOUT_RETURN_TYPE = YES_ERROR;
				GCC_WARN_UNDECLARED_SELECTOR = YES;
				GCC_WARN_UNINITIALIZED_AUTOS = YES_AGGRESSIVE;
				GCC_WARN_UNUSED_FUNCTION = YES;
				GCC_WARN_UNUSED_VARIABLE = YES;
				MACOSX_DEPLOYMENT_TARGET = 10.10;
				MTL_ENABLE_DEBUG_INFO = NO;
				SDKROOT = macosx;
			};
			name = Release;
		};
		DBFDCE701A504DDD005EAD70 /* Debug */ = {
			isa = XCBuildConfiguration;
			buildSettings = {
				ASSETCATALOG_COMPILER_APPICON_NAME = AppIcon;
				CODE_SIGN_ENTITLEMENTS = JSONtoFoundation/JSONtoFoundation.entitlements;
				COMBINE_HIDPI_IMAGES = YES;
				INFOPLIST_FILE = JSONtoFoundation/Info.plist;
				LD_RUNPATH_SEARCH_PATHS = "$(inherited) @executable_path/../Frameworks";
				PRODUCT_NAME = "$(TARGET_NAME)";
			};
			name = Debug;
		};
		DBFDCE711A504DDD005EAD70 /* Release */ = {
			isa = XCBuildConfiguration;
			buildSettings = {
				ASSETCATALOG_COMPILER_APPICON_NAME = AppIcon;
				CODE_SIGN_ENTITLEMENTS = JSONtoFoundation/JSONtoFoundation.entitlements;
				COMBINE_HIDPI_IMAGES = YES;
				INFOPLIST_FILE = JSONtoFoundation/Info.plist;
				LD_RUNPATH_SEARCH_PATHS = "$(inherited) @executable_path/../Frameworks";
				PRODUCT_NAME = "$(TARGET_NAME)";
			};
			name = Release;
		};
		DBFDCE731A504DDD005EAD70 /* Debug */ = {
			isa = XCBuildConfiguration;
			buildSettings = {
				BUNDLE_LOADER = "$(TEST_HOST)";
				COMBINE_HIDPI_IMAGES = YES;
				FRAMEWORK_SEARCH_PATHS = (
					"$(DEVELOPER_FRAMEWORKS_DIR)",
					"$(inherited)",
				);
				GCC_PREPROCESSOR_DEFINITIONS = (
					"DEBUG=1",
					"$(inherited)",
				);
				INFOPLIST_FILE = JSONtoFoundationTests/Info.plist;
				LD_RUNPATH_SEARCH_PATHS = "$(inherited) @executable_path/../Frameworks @loader_path/../Frameworks";
				PRODUCT_NAME = "$(TARGET_NAME)";
				TEST_HOST = "$(BUILT_PRODUCTS_DIR)/JSONtoFoundation.app/Contents/MacOS/JSONtoFoundation";
			};
			name = Debug;
		};
		DBFDCE741A504DDD005EAD70 /* Release */ = {
			isa = XCBuildConfiguration;
			buildSettings = {
				BUNDLE_LOADER = "$(TEST_HOST)";
				COMBINE_HIDPI_IMAGES = YES;
				FRAMEWORK_SEARCH_PATHS = (
					"$(DEVELOPER_FRAMEWORKS_DIR)",
					"$(inherited)",
				);
				INFOPLIST_FILE = JSONtoFoundationTests/Info.plist;
				LD_RUNPATH_SEARCH_PATHS = "$(inherited) @executable_path/../Frameworks @loader_path/../Frameworks";
				PRODUCT_NAME = "$(TARGET_NAME)";
				TEST_HOST = "$(BUILT_PRODUCTS_DIR)/JSONtoFoundation.app/Contents/MacOS/JSONtoFoundation";
			};
			name = Release;
		};
/* End XCBuildConfiguration section */

/* Begin XCConfigurationList section */
		DBFDCE501A504DDD005EAD70 /* Build configuration list for PBXProject "JSONtoFoundation" */ = {
			isa = XCConfigurationList;
			buildConfigurations = (
				DBFDCE6D1A504DDD005EAD70 /* Debug */,
				DBFDCE6E1A504DDD005EAD70 /* Release */,
			);
			defaultConfigurationIsVisible = 0;
			defaultConfigurationName = Release;
		};
		DBFDCE6F1A504DDD005EAD70 /* Build configuration list for PBXNativeTarget "JSONtoFoundation" */ = {
			isa = XCConfigurationList;
			buildConfigurations = (
				DBFDCE701A504DDD005EAD70 /* Debug */,
				DBFDCE711A504DDD005EAD70 /* Release */,
			);
			defaultConfigurationIsVisible = 0;
			defaultConfigurationName = Release;
		};
		DBFDCE721A504DDD005EAD70 /* Build configuration list for PBXNativeTarget "JSONtoFoundationTests" */ = {
			isa = XCConfigurationList;
			buildConfigurations = (
				DBFDCE731A504DDD005EAD70 /* Debug */,
				DBFDCE741A504DDD005EAD70 /* Release */,
			);
			defaultConfigurationIsVisible = 0;
			defaultConfigurationName = Release;
		};
/* End XCConfigurationList section */
	};
	rootObject = DBFDCE4D1A504DDD005EAD70 /* Project object */;
}
